
Microsoft Visual Studio Solution File, Format Version 12.00
# Visual Studio Version 17
VisualStudioVersion = 17.7.34009.444
MinimumVisualStudioVersion = 10.0.40219.1
Project("{FAE04EC0-301F-11D3-BF4B-00C04F79EFBC}") = "Usuarios.Presentacion", "Usuarios.Presentacion\Usuarios.Presentacion.csproj", "{79F1E4E2-1717-4763-930F-6E4050A1CFC5}"
EndProject
Project("{FAE04EC0-301F-11D3-BF4B-00C04F79EFBC}") = "Usuarios.Datos", "Usuarios.Datos\Usuarios.Datos.csproj", "{463B1162-579E-4783-A50C-10F9EFED2711}"
EndProject
Project("{FAE04EC0-301F-11D3-BF4B-00C04F79EFBC}") = "Usuarios.Negocio", "Usuarios.Negocio\Usuarios.Negocio.csproj", "{3DF70F9B-B6EB-4F90-A698-6A5C5FA2B764}"
EndProject
Project("{FAE04EC0-301F-11D3-BF4B-00C04F79EFBC}") = "Usuarios.Entidades", "Usuarios.Entidades\Usuarios.Entidades.csproj", "{25944ADB-3058-4BA4-AED1-DC85DD5E7878}"
EndProject
Global
	GlobalSection(SolutionConfigurationPlatforms) = preSolution
		Debug|Any CPU = Debug|Any CPU
		Release|Any CPU = Release|Any CPU
	EndGlobalSection
	GlobalSection(ProjectConfigurationPlatforms) = postSolution
		{79F1E4E2-1717-4763-930F-6E4050A1CFC5}.Debug|Any CPU.ActiveCfg = Debug|Any CPU
		{79F1E4E2-1717-4763-930F-6E4050A1CFC5}.Debug|Any CPU.Build.0 = Debug|Any CPU
		{79F1E4E2-1717-4763-930F-6E4050A1CFC5}.Release|Any CPU.ActiveCfg = Release|Any CPU
		{79F1E4E2-1717-4763-930F-6E4050A1CFC5}.Release|Any CPU.Build.0 = Release|Any CPU
		{463B1162-579E-4783-A50C-10F9EFED2711}.Debug|Any CPU.ActiveCfg = Debug|Any CPU
		{463B1162-579E-4783-A50C-10F9EFED2711}.Debug|Any CPU.Build.0 = Debug|Any CPU
		{463B1162-579E-4783-A50C-10F9EFED2711}.Release|Any CPU.ActiveCfg = Release|Any CPU
		{463B1162-579E-4783-A50C-10F9EFED2711}.Release|Any CPU.Build.0 = Release|Any CPU
		{3DF70F9B-B6EB-4F90-A698-6A5C5FA2B764}.Debug|Any CPU.ActiveCfg = Debug|Any CPU
		{3DF70F9B-B6EB-4F90-A698-6A5C5FA2B764}.Debug|Any CPU.Build.0 = Debug|Any CPU
		{3DF70F9B-B6EB-4F90-A698-6A5C5FA2B764}.Release|Any CPU.ActiveCfg = Release|Any CPU
		{3DF70F9B-B6EB-4F90-A698-6A5C5FA2B764}.Release|Any CPU.Build.0 = Release|Any CPU
		{25944ADB-3058-4BA4-AED1-DC85DD5E7878}.Debug|Any CPU.ActiveCfg = Debug|Any CPU
		{25944ADB-3058-4BA4-AED1-DC85DD5E7878}.Debug|Any CPU.Build.0 = Debug|Any CPU
		{25944ADB-3058-4BA4-AED1-DC85DD5E7878}.Release|Any CPU.ActiveCfg = Release|Any CPU
		{25944ADB-3058-4BA4-AED1-DC85DD5E7878}.Release|Any CPU.Build.0 = Release|Any CPU
	EndGlobalSection
	GlobalSection(SolutionProperties) = preSolution
		HideSolutionNode = FALSE
	EndGlobalSection
	GlobalSection(ExtensibilityGlobals) = postSolution
		SolutionGuid = {198FF42C-5731-457D-A997-62A0DE0BECFB}
	EndGlobalSection
EndGlobal
